
Microsoft Visual Studio Solution File, Format Version 12.00
# Visual Studio Version 16
VisualStudioVersion = 16.0.30413.136
MinimumVisualStudioVersion = 10.0.40219.1
Project("{9A19103F-16F7-4668-BE54-9A1E7A4F7556}") = "BlogPostsAPI", "BlogPostsAPI\BlogPostsAPI.csproj", "{D31B58F5-6404-46E4-83C3-3204591A2D8E}"
EndProject
Project("{FAE04EC0-301F-11D3-BF4B-00C04F79EFBC}") = "BlogPostsAPI.Tests", "BlogPostsAPI.Tests\BlogPostsAPI.Tests.csproj", "{909EF5E4-1F07-4CB3-9975-6FF0109DF64F}"
EndProject
Global
	GlobalSection(SolutionConfigurationPlatforms) = preSolution
		Debug|Any CPU = Debug|Any CPU
		Release|Any CPU = Release|Any CPU
	EndGlobalSection
	GlobalSection(ProjectConfigurationPlatforms) = postSolution
		{D31B58F5-6404-46E4-83C3-3204591A2D8E}.Debug|Any CPU.ActiveCfg = Debug|Any CPU
		{D31B58F5-6404-46E4-83C3-3204591A2D8E}.Debug|Any CPU.Build.0 = Debug|Any CPU
		{D31B58F5-6404-46E4-83C3-3204591A2D8E}.Release|Any CPU.ActiveCfg = Release|Any CPU
		{D31B58F5-6404-46E4-83C3-3204591A2D8E}.Release|Any CPU.Build.0 = Release|Any CPU
		{909EF5E4-1F07-4CB3-9975-6FF0109DF64F}.Debug|Any CPU.ActiveCfg = Debug|Any CPU
		{909EF5E4-1F07-4CB3-9975-6FF0109DF64F}.Debug|Any CPU.Build.0 = Debug|Any CPU
		{909EF5E4-1F07-4CB3-9975-6FF0109DF64F}.Release|Any CPU.ActiveCfg = Release|Any CPU
		{909EF5E4-1F07-4CB3-9975-6FF0109DF64F}.Release|Any CPU.Build.0 = Release|Any CPU
	EndGlobalSection
	GlobalSection(SolutionProperties) = preSolution
		HideSolutionNode = FALSE
	EndGlobalSection
	GlobalSection(ExtensibilityGlobals) = postSolution
		SolutionGuid = {42476434-69A9-49B5-9A49-3FCD1F965AFE}
	EndGlobalSection
EndGlobal
